{
  "requires": true,
  "lockfileVersion": 1,
  "dependencies": {
    "rxjs-compat": {
      "version": "6.2.1",
      "resolved": "https://registry.npmjs.org/rxjs-compat/-/rxjs-compat-6.2.1.tgz",
      "integrity": "sha512-Pst0lkAwVodBbBOIZic9aM1vY9asJ2u8GfKN115+goIH83PAlizJDyvixuxPAuQ1UtkmBuro7+0PqKQ3PSkhEg=="
    }
  }
}
