{
  "dependencies": {
    "angular2": {
      "version": "2.0.0-beta.7"
    },
    "angular2-meteor": {
      "version": "https://github.com/Urigo/angular2-meteor/tarball/4db9e2e03bd03307dd901e1ff4058472e6651c22",
      "dependencies": {
        "ejson": {
          "version": "2.1.2",
          "dependencies": {
            "underscore": {
              "version": "1.8.3"
            }
          }
        }
      }
    },
    "es6-promise": {
      "version": "3.1.2"
    },
    "es6-shim": {
      "version": "0.33.13"
    },
    "reflect-metadata": {
      "version": "0.1.2"
    },
    "rxjs": {
      "version": "5.0.0-beta.2"
    },
    "zone.js": {
      "version": "0.5.15"
    }
  }
}
